
Microsoft Visual Studio Solution File, Format Version 12.00
# Visual Studio Version 16
VisualStudioVersion = 16.0.29911.84
MinimumVisualStudioVersion = 10.0.40219.1
Project("{9A19103F-16F7-4668-BE54-9A1E7A4F7556}") = "T1CA_Core", "T1ConsoleApp\T1CA_Core.csproj", "{0431D5A9-4118-4639-8236-2EC11EEEA33E}"
EndProject
Project("{FAE04EC0-301F-11D3-BF4B-00C04F79EFBC}") = "UnitTest2_Framework", "UnitTestProject1\UnitTest2_Framework.csproj", "{9EBAEA31-34EE-416F-849B-40753EF66E64}"
EndProject
Project("{FAE04EC0-301F-11D3-BF4B-00C04F79EFBC}") = "T1CA_Framework", "ConsoleApp2\T1CA_Framework.csproj", "{0980A882-CB86-4648-8D90-33D26DFC88A2}"
EndProject
Project("{FAE04EC0-301F-11D3-BF4B-00C04F79EFBC}") = "UnitTest1_Core", "UnitTestProject2\UnitTest1_Core.csproj", "{F7C806BC-F0C9-4019-B131-37436C02717F}"
EndProject
Global
	GlobalSection(SolutionConfigurationPlatforms) = preSolution
		Debug|Any CPU = Debug|Any CPU
		Release|Any CPU = Release|Any CPU
	EndGlobalSection
	GlobalSection(ProjectConfigurationPlatforms) = postSolution
		{0431D5A9-4118-4639-8236-2EC11EEEA33E}.Debug|Any CPU.ActiveCfg = Debug|Any CPU
		{0431D5A9-4118-4639-8236-2EC11EEEA33E}.Debug|Any CPU.Build.0 = Debug|Any CPU
		{0431D5A9-4118-4639-8236-2EC11EEEA33E}.Release|Any CPU.ActiveCfg = Release|Any CPU
		{0431D5A9-4118-4639-8236-2EC11EEEA33E}.Release|Any CPU.Build.0 = Release|Any CPU
		{9EBAEA31-34EE-416F-849B-40753EF66E64}.Debug|Any CPU.ActiveCfg = Debug|Any CPU
		{9EBAEA31-34EE-416F-849B-40753EF66E64}.Debug|Any CPU.Build.0 = Debug|Any CPU
		{9EBAEA31-34EE-416F-849B-40753EF66E64}.Release|Any CPU.ActiveCfg = Release|Any CPU
		{9EBAEA31-34EE-416F-849B-40753EF66E64}.Release|Any CPU.Build.0 = Release|Any CPU
		{0980A882-CB86-4648-8D90-33D26DFC88A2}.Debug|Any CPU.ActiveCfg = Debug|Any CPU
		{0980A882-CB86-4648-8D90-33D26DFC88A2}.Debug|Any CPU.Build.0 = Debug|Any CPU
		{0980A882-CB86-4648-8D90-33D26DFC88A2}.Release|Any CPU.ActiveCfg = Release|Any CPU
		{0980A882-CB86-4648-8D90-33D26DFC88A2}.Release|Any CPU.Build.0 = Release|Any CPU
		{F7C806BC-F0C9-4019-B131-37436C02717F}.Debug|Any CPU.ActiveCfg = Debug|Any CPU
		{F7C806BC-F0C9-4019-B131-37436C02717F}.Debug|Any CPU.Build.0 = Debug|Any CPU
		{F7C806BC-F0C9-4019-B131-37436C02717F}.Release|Any CPU.ActiveCfg = Release|Any CPU
		{F7C806BC-F0C9-4019-B131-37436C02717F}.Release|Any CPU.Build.0 = Release|Any CPU
	EndGlobalSection
	GlobalSection(SolutionProperties) = preSolution
		HideSolutionNode = FALSE
	EndGlobalSection
	GlobalSection(ExtensibilityGlobals) = postSolution
		SolutionGuid = {533771D4-1D4B-4CE9-BB59-5FBAFF51D61E}
	EndGlobalSection
EndGlobal
