
Microsoft Visual Studio Solution File, Format Version 12.00
# Visual Studio Version 16
VisualStudioVersion = 16.0.29911.84
MinimumVisualStudioVersion = 10.0.40219.1
Project("{FAE04EC0-301F-11D3-BF4B-00C04F79EFBC}") = "T1CA_Framework", "ConsoleApp2\T1CA_Framework.csproj", "{0980A882-CB86-4648-8D90-33D26DFC88A2}"
EndProject
Project("{FAE04EC0-301F-11D3-BF4B-00C04F79EFBC}") = "UnitTest1_Framework", "UnitTest1_Framework\UnitTest1_Framework.csproj", "{AFF98D82-AAB9-4B04-9AAD-559A005DD353}"
EndProject
Global
	GlobalSection(SolutionConfigurationPlatforms) = preSolution
		Debug|Any CPU = Debug|Any CPU
		Release|Any CPU = Release|Any CPU
	EndGlobalSection
	GlobalSection(ProjectConfigurationPlatforms) = postSolution
		{0980A882-CB86-4648-8D90-33D26DFC88A2}.Debug|Any CPU.ActiveCfg = Debug|Any CPU
		{0980A882-CB86-4648-8D90-33D26DFC88A2}.Debug|Any CPU.Build.0 = Debug|Any CPU
		{0980A882-CB86-4648-8D90-33D26DFC88A2}.Release|Any CPU.ActiveCfg = Release|Any CPU
		{0980A882-CB86-4648-8D90-33D26DFC88A2}.Release|Any CPU.Build.0 = Release|Any CPU
		{AFF98D82-AAB9-4B04-9AAD-559A005DD353}.Debug|Any CPU.ActiveCfg = Debug|Any CPU
		{AFF98D82-AAB9-4B04-9AAD-559A005DD353}.Debug|Any CPU.Build.0 = Debug|Any CPU
		{AFF98D82-AAB9-4B04-9AAD-559A005DD353}.Release|Any CPU.ActiveCfg = Release|Any CPU
		{AFF98D82-AAB9-4B04-9AAD-559A005DD353}.Release|Any CPU.Build.0 = Release|Any CPU
	EndGlobalSection
	GlobalSection(SolutionProperties) = preSolution
		HideSolutionNode = FALSE
	EndGlobalSection
	GlobalSection(ExtensibilityGlobals) = postSolution
		SolutionGuid = {533771D4-1D4B-4CE9-BB59-5FBAFF51D61E}
	EndGlobalSection
EndGlobal
